
Microsoft Visual Studio Solution File, Format Version 12.00
# Visual Studio Version 17
VisualStudioVersion = 17.8.34408.163
MinimumVisualStudioVersion = 10.0.40219.1
Project("{FAE04EC0-301F-11D3-BF4B-00C04F79EFBC}") = "constructor Task- PPLL", "constructor Task- PPLL.csproj", "{881DF191-910C-4235-BB65-0614D5E89A06}"
EndProject
Global
	GlobalSection(SolutionConfigurationPlatforms) = preSolution
		Debug|Any CPU = Debug|Any CPU
		Release|Any CPU = Release|Any CPU
	EndGlobalSection
	GlobalSection(ProjectConfigurationPlatforms) = postSolution
		{881DF191-910C-4235-BB65-0614D5E89A06}.Debug|Any CPU.ActiveCfg = Debug|Any CPU
		{881DF191-910C-4235-BB65-0614D5E89A06}.Debug|Any CPU.Build.0 = Debug|Any CPU
		{881DF191-910C-4235-BB65-0614D5E89A06}.Release|Any CPU.ActiveCfg = Release|Any CPU
		{881DF191-910C-4235-BB65-0614D5E89A06}.Release|Any CPU.Build.0 = Release|Any CPU
	EndGlobalSection
	GlobalSection(SolutionProperties) = preSolution
		HideSolutionNode = FALSE
	EndGlobalSection
	GlobalSection(ExtensibilityGlobals) = postSolution
		SolutionGuid = {D5BC4D10-9759-45D5-A889-F61894E27295}
	EndGlobalSection
EndGlobal
